
Microsoft Visual Studio Solution File, Format Version 12.00
# Visual Studio Version 17
VisualStudioVersion = 17.11.35219.272
MinimumVisualStudioVersion = 10.0.40219.1
Project("{FAE04EC0-301F-11D3-BF4B-00C04F79EFBC}") = "eTickets", "eTickets\eTickets.csproj", "{A3622599-C536-4752-A4B5-2473ED6BFEEB}"
EndProject
Global
	GlobalSection(SolutionConfigurationPlatforms) = preSolution
		Debug|Any CPU = Debug|Any CPU
		Release|Any CPU = Release|Any CPU
	EndGlobalSection
	GlobalSection(ProjectConfigurationPlatforms) = postSolution
		{A3622599-C536-4752-A4B5-2473ED6BFEEB}.Debug|Any CPU.ActiveCfg = Debug|Any CPU
		{A3622599-C536-4752-A4B5-2473ED6BFEEB}.Debug|Any CPU.Build.0 = Debug|Any CPU
		{A3622599-C536-4752-A4B5-2473ED6BFEEB}.Release|Any CPU.ActiveCfg = Release|Any CPU
		{A3622599-C536-4752-A4B5-2473ED6BFEEB}.Release|Any CPU.Build.0 = Release|Any CPU
	EndGlobalSection
	GlobalSection(SolutionProperties) = preSolution
		HideSolutionNode = FALSE
	EndGlobalSection
	GlobalSection(ExtensibilityGlobals) = postSolution
		SolutionGuid = {6DA8CD8E-9FF1-4FCE-A6A3-1445BA7711DA}
	EndGlobalSection
EndGlobal
